
Microsoft Visual Studio Solution File, Format Version 11.00
# Visual Studio 2010
Project("{2150E333-8FDC-42A3-9474-1A3956D46DE8}") = "src", "src", "{369D498F-DF25-4DA8-9669-45175C4226A0}"
EndProject
Project("{2150E333-8FDC-42A3-9474-1A3956D46DE8}") = "samples", "samples", "{74C6F6CA-CE38-42F8-9593-1D3CE782D46E}"
EndProject
Project("{2150E333-8FDC-42A3-9474-1A3956D46DE8}") = "misc", "misc", "{7F3B5420-4159-485A-8C15-397116917A7B}"
	ProjectSection(SolutionItems) = preProject
		ci.build.xml = ci.build.xml
		FuAssemblyInfo.cs = FuAssemblyInfo.cs
		README.md = README.md
	EndProjectSection
EndProject
Project("{FAE04EC0-301F-11D3-BF4B-00C04F79EFBC}") = "Fu", "src\Fu\Fu.csproj", "{1583A6C9-45DA-46B4-9DBD-B86461DB893B}"
EndProject
Project("{FAE04EC0-301F-11D3-BF4B-00C04F79EFBC}") = "Fu.Web", "src\Fu.Web\Fu.Web.csproj", "{23EF40C1-1B6C-424F-BBEA-CBDE3434AD8C}"
EndProject
Project("{FAE04EC0-301F-11D3-BF4B-00C04F79EFBC}") = "HelloWorld", "samples\HelloWorld\HelloWorld.csproj", "{D5A8865A-936C-4936-93C5-7A96E083E1CA}"
EndProject
Project("{FAE04EC0-301F-11D3-BF4B-00C04F79EFBC}") = "FormData", "samples\FormData\FormData.csproj", "{A4AB2AA0-E814-40CD-918D-192F12024CA5}"
EndProject
Project("{FAE04EC0-301F-11D3-BF4B-00C04F79EFBC}") = "UploadFile", "samples\UploadFile\UploadFile.csproj", "{2CC7DB98-01BB-4567-8793-FD19F774660C}"
EndProject
Project("{FAE04EC0-301F-11D3-BF4B-00C04F79EFBC}") = "FileServer", "samples\FileServer\FileServer.csproj", "{28D88EB7-54D9-48C2-97FA-1826A7CE76C9}"
EndProject
Project("{FAE04EC0-301F-11D3-BF4B-00C04F79EFBC}") = "ModelBinder", "samples\ModelBinder\ModelBinder.csproj", "{C554D25F-DA83-4355-A2C0-8EF1DB8CB9C9}"
EndProject
Project("{FAE04EC0-301F-11D3-BF4B-00C04F79EFBC}") = "RestStyle", "samples\RestStyle\RestStyle.csproj", "{0544C9D5-D857-46C8-9727-1EB8769A88DD}"
EndProject
Project("{FAE04EC0-301F-11D3-BF4B-00C04F79EFBC}") = "UrlForwarder", "samples\UrlForwarder\UrlForwarder.csproj", "{63BE75EA-C85F-4338-965A-14FDF6A5085E}"
EndProject
Project("{FAE04EC0-301F-11D3-BF4B-00C04F79EFBC}") = "WildcardSubdomains", "samples\WildcardSubdomains\WildcardSubdomains.csproj", "{8D26D44C-ABA0-4D9E-9672-74E54DD52564}"
EndProject
Project("{FAE04EC0-301F-11D3-BF4B-00C04F79EFBC}") = "Fu.Templates.NHaml", "src\Fu.Templates.NHaml\Fu.Templates.NHaml.csproj", "{188DD43D-DB98-46A6-919A-1CECEBA5210F}"
EndProject
Project("{FAE04EC0-301F-11D3-BF4B-00C04F79EFBC}") = "Fu.Services.Sessions.Redis", "src\Fu.Services.Sessions.Redis\Fu.Services.Sessions.Redis.csproj", "{59B63611-66D7-4929-94DF-FE943D0CD017}"
EndProject
Global
	GlobalSection(SolutionConfigurationPlatforms) = preSolution
		Debug|Any CPU = Debug|Any CPU
		Release|Any CPU = Release|Any CPU
	EndGlobalSection
	GlobalSection(ProjectConfigurationPlatforms) = postSolution
		{1583A6C9-45DA-46B4-9DBD-B86461DB893B}.Debug|Any CPU.ActiveCfg = Debug|Any CPU
		{1583A6C9-45DA-46B4-9DBD-B86461DB893B}.Debug|Any CPU.Build.0 = Debug|Any CPU
		{1583A6C9-45DA-46B4-9DBD-B86461DB893B}.Release|Any CPU.ActiveCfg = Release|Any CPU
		{1583A6C9-45DA-46B4-9DBD-B86461DB893B}.Release|Any CPU.Build.0 = Release|Any CPU
		{23EF40C1-1B6C-424F-BBEA-CBDE3434AD8C}.Debug|Any CPU.ActiveCfg = Debug|Any CPU
		{23EF40C1-1B6C-424F-BBEA-CBDE3434AD8C}.Debug|Any CPU.Build.0 = Debug|Any CPU
		{23EF40C1-1B6C-424F-BBEA-CBDE3434AD8C}.Release|Any CPU.ActiveCfg = Release|Any CPU
		{23EF40C1-1B6C-424F-BBEA-CBDE3434AD8C}.Release|Any CPU.Build.0 = Release|Any CPU
		{D5A8865A-936C-4936-93C5-7A96E083E1CA}.Debug|Any CPU.ActiveCfg = Debug|Any CPU
		{D5A8865A-936C-4936-93C5-7A96E083E1CA}.Debug|Any CPU.Build.0 = Debug|Any CPU
		{D5A8865A-936C-4936-93C5-7A96E083E1CA}.Release|Any CPU.ActiveCfg = Release|Any CPU
		{D5A8865A-936C-4936-93C5-7A96E083E1CA}.Release|Any CPU.Build.0 = Release|Any CPU
		{A4AB2AA0-E814-40CD-918D-192F12024CA5}.Debug|Any CPU.ActiveCfg = Debug|Any CPU
		{A4AB2AA0-E814-40CD-918D-192F12024CA5}.Debug|Any CPU.Build.0 = Debug|Any CPU
		{A4AB2AA0-E814-40CD-918D-192F12024CA5}.Release|Any CPU.ActiveCfg = Release|Any CPU
		{A4AB2AA0-E814-40CD-918D-192F12024CA5}.Release|Any CPU.Build.0 = Release|Any CPU
		{2CC7DB98-01BB-4567-8793-FD19F774660C}.Debug|Any CPU.ActiveCfg = Debug|Any CPU
		{2CC7DB98-01BB-4567-8793-FD19F774660C}.Debug|Any CPU.Build.0 = Debug|Any CPU
		{2CC7DB98-01BB-4567-8793-FD19F774660C}.Release|Any CPU.ActiveCfg = Release|Any CPU
		{2CC7DB98-01BB-4567-8793-FD19F774660C}.Release|Any CPU.Build.0 = Release|Any CPU
		{28D88EB7-54D9-48C2-97FA-1826A7CE76C9}.Debug|Any CPU.ActiveCfg = Debug|Any CPU
		{28D88EB7-54D9-48C2-97FA-1826A7CE76C9}.Debug|Any CPU.Build.0 = Debug|Any CPU
		{28D88EB7-54D9-48C2-97FA-1826A7CE76C9}.Release|Any CPU.ActiveCfg = Release|Any CPU
		{28D88EB7-54D9-48C2-97FA-1826A7CE76C9}.Release|Any CPU.Build.0 = Release|Any CPU
		{C554D25F-DA83-4355-A2C0-8EF1DB8CB9C9}.Debug|Any CPU.ActiveCfg = Debug|Any CPU
		{C554D25F-DA83-4355-A2C0-8EF1DB8CB9C9}.Debug|Any CPU.Build.0 = Debug|Any CPU
		{C554D25F-DA83-4355-A2C0-8EF1DB8CB9C9}.Release|Any CPU.ActiveCfg = Release|Any CPU
		{C554D25F-DA83-4355-A2C0-8EF1DB8CB9C9}.Release|Any CPU.Build.0 = Release|Any CPU
		{0544C9D5-D857-46C8-9727-1EB8769A88DD}.Debug|Any CPU.ActiveCfg = Debug|Any CPU
		{0544C9D5-D857-46C8-9727-1EB8769A88DD}.Debug|Any CPU.Build.0 = Debug|Any CPU
		{0544C9D5-D857-46C8-9727-1EB8769A88DD}.Release|Any CPU.ActiveCfg = Release|Any CPU
		{0544C9D5-D857-46C8-9727-1EB8769A88DD}.Release|Any CPU.Build.0 = Release|Any CPU
		{63BE75EA-C85F-4338-965A-14FDF6A5085E}.Debug|Any CPU.ActiveCfg = Debug|Any CPU
		{63BE75EA-C85F-4338-965A-14FDF6A5085E}.Debug|Any CPU.Build.0 = Debug|Any CPU
		{63BE75EA-C85F-4338-965A-14FDF6A5085E}.Release|Any CPU.ActiveCfg = Release|Any CPU
		{63BE75EA-C85F-4338-965A-14FDF6A5085E}.Release|Any CPU.Build.0 = Release|Any CPU
		{8D26D44C-ABA0-4D9E-9672-74E54DD52564}.Debug|Any CPU.ActiveCfg = Debug|Any CPU
		{8D26D44C-ABA0-4D9E-9672-74E54DD52564}.Debug|Any CPU.Build.0 = Debug|Any CPU
		{8D26D44C-ABA0-4D9E-9672-74E54DD52564}.Release|Any CPU.ActiveCfg = Release|Any CPU
		{8D26D44C-ABA0-4D9E-9672-74E54DD52564}.Release|Any CPU.Build.0 = Release|Any CPU
		{188DD43D-DB98-46A6-919A-1CECEBA5210F}.Debug|Any CPU.ActiveCfg = Debug|Any CPU
		{188DD43D-DB98-46A6-919A-1CECEBA5210F}.Debug|Any CPU.Build.0 = Debug|Any CPU
		{188DD43D-DB98-46A6-919A-1CECEBA5210F}.Release|Any CPU.ActiveCfg = Release|Any CPU
		{188DD43D-DB98-46A6-919A-1CECEBA5210F}.Release|Any CPU.Build.0 = Release|Any CPU
		{59B63611-66D7-4929-94DF-FE943D0CD017}.Debug|Any CPU.ActiveCfg = Debug|Any CPU
		{59B63611-66D7-4929-94DF-FE943D0CD017}.Debug|Any CPU.Build.0 = Debug|Any CPU
		{59B63611-66D7-4929-94DF-FE943D0CD017}.Release|Any CPU.ActiveCfg = Release|Any CPU
		{59B63611-66D7-4929-94DF-FE943D0CD017}.Release|Any CPU.Build.0 = Release|Any CPU
	EndGlobalSection
	GlobalSection(SolutionProperties) = preSolution
		HideSolutionNode = FALSE
	EndGlobalSection
	GlobalSection(NestedProjects) = preSolution
		{1583A6C9-45DA-46B4-9DBD-B86461DB893B} = {369D498F-DF25-4DA8-9669-45175C4226A0}
		{23EF40C1-1B6C-424F-BBEA-CBDE3434AD8C} = {369D498F-DF25-4DA8-9669-45175C4226A0}
		{188DD43D-DB98-46A6-919A-1CECEBA5210F} = {369D498F-DF25-4DA8-9669-45175C4226A0}
		{59B63611-66D7-4929-94DF-FE943D0CD017} = {369D498F-DF25-4DA8-9669-45175C4226A0}
		{D5A8865A-936C-4936-93C5-7A96E083E1CA} = {74C6F6CA-CE38-42F8-9593-1D3CE782D46E}
		{A4AB2AA0-E814-40CD-918D-192F12024CA5} = {74C6F6CA-CE38-42F8-9593-1D3CE782D46E}
		{2CC7DB98-01BB-4567-8793-FD19F774660C} = {74C6F6CA-CE38-42F8-9593-1D3CE782D46E}
		{28D88EB7-54D9-48C2-97FA-1826A7CE76C9} = {74C6F6CA-CE38-42F8-9593-1D3CE782D46E}
		{C554D25F-DA83-4355-A2C0-8EF1DB8CB9C9} = {74C6F6CA-CE38-42F8-9593-1D3CE782D46E}
		{0544C9D5-D857-46C8-9727-1EB8769A88DD} = {74C6F6CA-CE38-42F8-9593-1D3CE782D46E}
		{63BE75EA-C85F-4338-965A-14FDF6A5085E} = {74C6F6CA-CE38-42F8-9593-1D3CE782D46E}
		{8D26D44C-ABA0-4D9E-9672-74E54DD52564} = {74C6F6CA-CE38-42F8-9593-1D3CE782D46E}
	EndGlobalSection
EndGlobal
